// !$*UTF8*$!
{
	archiveVersion = 1;
	classes = {
	};
	objectVersion = 50;
	objects = {

/* Begin PBXBuildFile section */
		ED4EF5ED25411B24006C9E60 /* Music_SearchApp.swift in Sources */ = {isa = PBXBuildFile; fileRef = ED4EF5EC25411B24006C9E60 /* Music_SearchApp.swift */; };
		ED4EF5EF25411B24006C9E60 /* ContentView.swift in Sources */ = {isa = PBXBuildFile; fileRef = ED4EF5EE25411B24006C9E60 /* ContentView.swift */; };
		ED4EF5F125411B28006C9E60 /* Assets.xcassets in Resources */ = {isa = PBXBuildFile; fileRef = ED4EF5F025411B28006C9E60 /* Assets.xcassets */; };
		ED4EF5F425411B28006C9E60 /* Preview Assets.xcassets in Resources */ = {isa = PBXBuildFile; fileRef = ED4EF5F325411B28006C9E60 /* Preview Assets.xcassets */; };
		ED4EF5FD254123C2006C9E60 /* Song.swift in Sources */ = {isa = PBXBuildFile; fileRef = ED4EF5FC254123C2006C9E60 /* Song.swift */; };
		ED4EF60025452EB1006C9E60 /* ImageCache.swift in Sources */ = {isa = PBXBuildFile; fileRef = ED4EF5FF25452EB0006C9E60 /* ImageCache.swift */; };
		ED4EF60325453331006C9E60 /* SongListViewModel.swift in Sources */ = {isa = PBXBuildFile; fileRef = ED4EF60225453331006C9E60 /* SongListViewModel.swift */; };
		ED4EF6062545391B006C9E60 /* ImageLoader.swift in Sources */ = {isa = PBXBuildFile; fileRef = ED4EF6052545391B006C9E60 /* ImageLoader.swift */; };
/* End PBXBuildFile section */

/* Begin PBXFileReference section */
		ED4EF5E925411B24006C9E60 /* Music Search.app */ = {isa = PBXFileReference; explicitFileType = wrapper.application; includeInIndex = 0; path = "Music Search.app"; sourceTree = BUILT_PRODUCTS_DIR; };
		ED4EF5EC25411B24006C9E60 /* Music_SearchApp.swift */ = {isa = PBXFileReference; lastKnownFileType = sourcecode.swift; path = Music_SearchApp.swift; sourceTree = "<group>"; };
		ED4EF5EE25411B24006C9E60 /* ContentView.swift */ = {isa = PBXFileReference; lastKnownFileType = sourcecode.swift; path = ContentView.swift; sourceTree = "<group>"; };
		ED4EF5F025411B28006C9E60 /* Assets.xcassets */ = {isa = PBXFileReference; lastKnownFileType = folder.assetcatalog; path = Assets.xcassets; sourceTree = "<group>"; };
		ED4EF5F325411B28006C9E60 /* Preview Assets.xcassets */ = {isa = PBXFileReference; lastKnownFileType = folder.assetcatalog; path = "Preview Assets.xcassets"; sourceTree = "<group>"; };
		ED4EF5F525411B28006C9E60 /* Info.plist */ = {isa = PBXFileReference; lastKnownFileType = text.plist.xml; path = Info.plist; sourceTree = "<group>"; };
		ED4EF5FC254123C2006C9E60 /* Song.swift */ = {isa = PBXFileReference; lastKnownFileType = sourcecode.swift; path = Song.swift; sourceTree = "<group>"; };
		ED4EF5FF25452EB0006C9E60 /* ImageCache.swift */ = {isa = PBXFileReference; lastKnownFileType = sourcecode.swift; path = ImageCache.swift; sourceTree = "<group>"; };
		ED4EF60225453331006C9E60 /* SongListViewModel.swift */ = {isa = PBXFileReference; lastKnownFileType = sourcecode.swift; path = SongListViewModel.swift; sourceTree = "<group>"; };
		ED4EF6052545391B006C9E60 /* ImageLoader.swift */ = {isa = PBXFileReference; lastKnownFileType = sourcecode.swift; path = ImageLoader.swift; sourceTree = "<group>"; };
/* End PBXFileReference section */

/* Begin PBXFrameworksBuildPhase section */
		ED4EF5E625411B24006C9E60 /* Frameworks */ = {
			isa = PBXFrameworksBuildPhase;
			buildActionMask = 2147483647;
			files = (
			);
			runOnlyForDeploymentPostprocessing = 0;
		};
/* End PBXFrameworksBuildPhase section */

/* Begin PBXGroup section */
		ED4EF5E025411B24006C9E60 = {
			isa = PBXGroup;
			children = (
				ED4EF5EB25411B24006C9E60 /* Music Search */,
				ED4EF5EA25411B24006C9E60 /* Products */,
			);
			sourceTree = "<group>";
		};
		ED4EF5EA25411B24006C9E60 /* Products */ = {
			isa = PBXGroup;
			children = (
				ED4EF5E925411B24006C9E60 /* Music Search.app */,
			);
			name = Products;
			sourceTree = "<group>";
		};
		ED4EF5EB25411B24006C9E60 /* Music Search */ = {
			isa = PBXGroup;
			children = (
				ED4EF5EC25411B24006C9E60 /* Music_SearchApp.swift */,
				ED4EF5EE25411B24006C9E60 /* ContentView.swift */,
				ED4EF6052545391B006C9E60 /* ImageLoader.swift */,
				ED4EF5FF25452EB0006C9E60 /* ImageCache.swift */,
				ED4EF5FC254123C2006C9E60 /* Song.swift */,
				ED4EF60225453331006C9E60 /* SongListViewModel.swift */,
				ED4EF5F025411B28006C9E60 /* Assets.xcassets */,
				ED4EF5F525411B28006C9E60 /* Info.plist */,
				ED4EF5F225411B28006C9E60 /* Preview Content */,
			);
			path = "Music Search";
			sourceTree = "<group>";
		};
		ED4EF5F225411B28006C9E60 /* Preview Content */ = {
			isa = PBXGroup;
			children = (
				ED4EF5F325411B28006C9E60 /* Preview Assets.xcassets */,
			);
			path = "Preview Content";
			sourceTree = "<group>";
		};
/* End PBXGroup section */

/* Begin PBXNativeTarget section */
		ED4EF5E825411B24006C9E60 /* Music Search */ = {
			isa = PBXNativeTarget;
			buildConfigurationList = ED4EF5F825411B28006C9E60 /* Build configuration list for PBXNativeTarget "Music Search" */;
			buildPhases = (
				ED4EF5E525411B24006C9E60 /* Sources */,
				ED4EF5E625411B24006C9E60 /* Frameworks */,
				ED4EF5E725411B24006C9E60 /* Resources */,
			);
			buildRules = (
			);
			dependencies = (
			);
			name = "Music Search";
			productName = "Music Search";
			productReference = ED4EF5E925411B24006C9E60 /* Music Search.app */;
			productType = "com.apple.product-type.application";
		};
/* End PBXNativeTarget section */

/* Begin PBXProject section */
		ED4EF5E125411B24006C9E60 /* Project object */ = {
			isa = PBXProject;
			attributes = {
				LastSwiftUpdateCheck = 1200;
				LastUpgradeCheck = 1200;
				TargetAttributes = {
					ED4EF5E825411B24006C9E60 = {
						CreatedOnToolsVersion = 12.0.1;
					};
				};
			};
			buildConfigurationList = ED4EF5E425411B24006C9E60 /* Build configuration list for PBXProject "Music Search" */;
			compatibilityVersion = "Xcode 9.3";
			developmentRegion = en;
			hasScannedForEncodings = 0;
			knownRegions = (
				en,
				Base,
			);
			mainGroup = ED4EF5E025411B24006C9E60;
			productRefGroup = ED4EF5EA25411B24006C9E60 /* Products */;
			projectDirPath = "";
			projectRoot = "";
			targets = (
				ED4EF5E825411B24006C9E60 /* Music Search */,
			);
		};
/* End PBXProject section */

/* Begin PBXResourcesBuildPhase section */
		ED4EF5E725411B24006C9E60 /* Resources */ = {
			isa = PBXResourcesBuildPhase;
			buildActionMask = 2147483647;
			files = (
				ED4EF5F425411B28006C9E60 /* Preview Assets.xcassets in Resources */,
				ED4EF5F125411B28006C9E60 /* Assets.xcassets in Resources */,
			);
			runOnlyForDeploymentPostprocessing = 0;
		};
/* End PBXResourcesBuildPhase section */

/* Begin PBXSourcesBuildPhase section */
		ED4EF5E525411B24006C9E60 /* Sources */ = {
			isa = PBXSourcesBuildPhase;
			buildActionMask = 2147483647;
			files = (
				ED4EF5FD254123C2006C9E60 /* Song.swift in Sources */,
				ED4EF5EF25411B24006C9E60 /* ContentView.swift in Sources */,
				ED4EF6062545391B006C9E60 /* ImageLoader.swift in Sources */,
				ED4EF60325453331006C9E60 /* SongListViewModel.swift in Sources */,
				ED4EF60025452EB1006C9E60 /* ImageCache.swift in Sources */,
				ED4EF5ED25411B24006C9E60 /* Music_SearchApp.swift in Sources */,
			);
			runOnlyForDeploymentPostprocessing = 0;
		};
/* End PBXSourcesBuildPhase section */

/* Begin XCBuildConfiguration section */
		ED4EF5F625411B28006C9E60 /* Debug */ = {
			isa = XCBuildConfiguration;
			buildSettings = {
				ALWAYS_SEARCH_USER_PATHS = NO;
				CLANG_ANALYZER_NONNULL = YES;
				CLANG_ANALYZER_NUMBER_OBJECT_CONVERSION = YES_AGGRESSIVE;
				CLANG_CXX_LANGUAGE_STANDARD = "gnu++14";
				CLANG_CXX_LIBRARY = "libc++";
				CLANG_ENABLE_MODULES = YES;
				CLANG_ENABLE_OBJC_ARC = YES;
				CLANG_ENABLE_OBJC_WEAK = YES;
				CLANG_WARN_BLOCK_CAPTURE_AUTORELEASING = YES;
				CLANG_WARN_BOOL_CONVERSION = YES;
				CLANG_WARN_COMMA = YES;
				CLANG_WARN_CONSTANT_CONVERSION = YES;
				CLANG_WARN_DEPRECATED_OBJC_IMPLEMENTATIONS = YES;
				CLANG_WARN_DIRECT_OBJC_ISA_USAGE = YES_ERROR;
				CLANG_WARN_DOCUMENTATION_COMMENTS = YES;
				CLANG_WARN_EMPTY_BODY = YES;
				CLANG_WARN_ENUM_CONVERSION = YES;
				CLANG_WARN_INFINITE_RECURSION = YES;
				CLANG_WARN_INT_CONVERSION = YES;
				CLANG_WARN_NON_LITERAL_NULL_CONVERSION = YES;
				CLANG_WARN_OBJC_IMPLICIT_RETAIN_SELF = YES;
				CLANG_WARN_OBJC_LITERAL_CONVERSION = YES;
				CLANG_WARN_OBJC_ROOT_CLASS = YES_ERROR;
				CLANG_WARN_QUOTED_INCLUDE_IN_FRAMEWORK_HEADER = YES;
				CLANG_WARN_RANGE_LOOP_ANALYSIS = YES;
				CLANG_WARN_STRICT_PROTOTYPES = YES;
				CLANG_WARN_SUSPICIOUS_MOVE = YES;
				CLANG_WARN_UNGUARDED_AVAILABILITY = YES_AGGRESSIVE;
				CLANG_WARN_UNREACHABLE_CODE = YES;
				CLANG_WARN__DUPLICATE_METHOD_MATCH = YES;
				COPY_PHASE_STRIP = NO;
				DEBUG_INFORMATION_FORMAT = dwarf;
				ENABLE_STRICT_OBJC_MSGSEND = YES;
				ENABLE_TESTABILITY = YES;
				GCC_C_LANGUAGE_STANDARD = gnu11;
				GCC_DYNAMIC_NO_PIC = NO;
				GCC_NO_COMMON_BLOCKS = YES;
				GCC_OPTIMIZATION_LEVEL = 0;
				GCC_PREPROCESSOR_DEFINITIONS = (
					"DEBUG=1",
					"$(inherited)",
				);
				GCC_WARN_64_TO_32_BIT_CONVERSION = YES;
				GCC_WARN_ABOUT_RETURN_TYPE = YES_ERROR;
				GCC_WARN_UNDECLARED_SELECTOR = YES;
				GCC_WARN_UNINITIALIZED_AUTOS = YES_AGGRESSIVE;
				GCC_WARN_UNUSED_FUNCTION = YES;
				GCC_WARN_UNUSED_VARIABLE = YES;
				IPHONEOS_DEPLOYMENT_TARGET = 14.0;
				MTL_ENABLE_DEBUG_INFO = INCLUDE_SOURCE;
				MTL_FAST_MATH = YES;
				ONLY_ACTIVE_ARCH = YES;
				SDKROOT = iphoneos;
				SWIFT_ACTIVE_COMPILATION_CONDITIONS = DEBUG;
				SWIFT_OPTIMIZATION_LEVEL = "-Onone";
			};
			name = Debug;
		};
		ED4EF5F725411B28006C9E60 /* Release */ = {
			isa = XCBuildConfiguration;
			buildSettings = {
				ALWAYS_SEARCH_USER_PATHS = NO;
				CLANG_ANALYZER_NONNULL = YES;
				CLANG_ANALYZER_NUMBER_OBJECT_CONVERSION = YES_AGGRESSIVE;
				CLANG_CXX_LANGUAGE_STANDARD = "gnu++14";
				CLANG_CXX_LIBRARY = "libc++";
				CLANG_ENABLE_MODULES = YES;
				CLANG_ENABLE_OBJC_ARC = YES;
				CLANG_ENABLE_OBJC_WEAK = YES;
				CLANG_WARN_BLOCK_CAPTURE_AUTORELEASING = YES;
				CLANG_WARN_BOOL_CONVERSION = YES;
				CLANG_WARN_COMMA = YES;
				CLANG_WARN_CONSTANT_CONVERSION = YES;
				CLANG_WARN_DEPRECATED_OBJC_IMPLEMENTATIONS = YES;
				CLANG_WARN_DIRECT_OBJC_ISA_USAGE = YES_ERROR;
				CLANG_WARN_DOCUMENTATION_COMMENTS = YES;
				CLANG_WARN_EMPTY_BODY = YES;
				CLANG_WARN_ENUM_CONVERSION = YES;
				CLANG_WARN_INFINITE_RECURSION = YES;
				CLANG_WARN_INT_CONVERSION = YES;
				CLANG_WARN_NON_LITERAL_NULL_CONVERSION = YES;
				CLANG_WARN_OBJC_IMPLICIT_RETAIN_SELF = YES;
				CLANG_WARN_OBJC_LITERAL_CONVERSION = YES;
				CLANG_WARN_OBJC_ROOT_CLASS = YES_ERROR;
				CLANG_WARN_QUOTED_INCLUDE_IN_FRAMEWORK_HEADER = YES;
				CLANG_WARN_RANGE_LOOP_ANALYSIS = YES;
				CLANG_WARN_STRICT_PROTOTYPES = YES;
				CLANG_WARN_SUSPICIOUS_MOVE = YES;
				CLANG_WARN_UNGUARDED_AVAILABILITY = YES_AGGRESSIVE;
				CLANG_WARN_UNREACHABLE_CODE = YES;
				CLANG_WARN__DUPLICATE_METHOD_MATCH = YES;
				COPY_PHASE_STRIP = NO;
				DEBUG_INFORMATION_FORMAT = "dwarf-with-dsym";
				ENABLE_NS_ASSERTIONS = NO;
				ENABLE_STRICT_OBJC_MSGSEND = YES;
				GCC_C_LANGUAGE_STANDARD = gnu11;
				GCC_NO_COMMON_BLOCKS = YES;
				GCC_WARN_64_TO_32_BIT_CONVERSION = YES;
				GCC_WARN_ABOUT_RETURN_TYPE = YES_ERROR;
				GCC_WARN_UNDECLARED_SELECTOR = YES;
				GCC_WARN_UNINITIALIZED_AUTOS = YES_AGGRESSIVE;
				GCC_WARN_UNUSED_FUNCTION = YES;
				GCC_WARN_UNUSED_VARIABLE = YES;
				IPHONEOS_DEPLOYMENT_TARGET = 14.0;
				MTL_ENABLE_DEBUG_INFO = NO;
				MTL_FAST_MATH = YES;
				SDKROOT = iphoneos;
				SWIFT_COMPILATION_MODE = wholemodule;
				SWIFT_OPTIMIZATION_LEVEL = "-O";
				VALIDATE_PRODUCT = YES;
			};
			name = Release;
		};
		ED4EF5F925411B28006C9E60 /* Debug */ = {
			isa = XCBuildConfiguration;
			buildSettings = {
				ASSETCATALOG_COMPILER_APPICON_NAME = AppIcon;
				ASSETCATALOG_COMPILER_GLOBAL_ACCENT_COLOR_NAME = AccentColor;
				CODE_SIGN_STYLE = Automatic;
				DEVELOPMENT_ASSET_PATHS = "\"Music Search/Preview Content\"";
				ENABLE_PREVIEWS = YES;
				INFOPLIST_FILE = "Music Search/Info.plist";
				IPHONEOS_DEPLOYMENT_TARGET = 14.0;
				LD_RUNPATH_SEARCH_PATHS = (
					"$(inherited)",
					"@executable_path/Frameworks",
				);
				PRODUCT_BUNDLE_IDENTIFIER = "com.AlePatron.Music-Search";
				PRODUCT_NAME = "$(TARGET_NAME)";
				SWIFT_VERSION = 5.0;
				TARGETED_DEVICE_FAMILY = "1,2";
			};
			name = Debug;
		};
		ED4EF5FA25411B28006C9E60 /* Release */ = {
			isa = XCBuildConfiguration;
			buildSettings = {
				ASSETCATALOG_COMPILER_APPICON_NAME = AppIcon;
				ASSETCATALOG_COMPILER_GLOBAL_ACCENT_COLOR_NAME = AccentColor;
				CODE_SIGN_STYLE = Automatic;
				DEVELOPMENT_ASSET_PATHS = "\"Music Search/Preview Content\"";
				ENABLE_PREVIEWS = YES;
				INFOPLIST_FILE = "Music Search/Info.plist";
				IPHONEOS_DEPLOYMENT_TARGET = 14.0;
				LD_RUNPATH_SEARCH_PATHS = (
					"$(inherited)",
					"@executable_path/Frameworks",
				);
				PRODUCT_BUNDLE_IDENTIFIER = "com.AlePatron.Music-Search";
				PRODUCT_NAME = "$(TARGET_NAME)";
				SWIFT_VERSION = 5.0;
				TARGETED_DEVICE_FAMILY = "1,2";
			};
			name = Release;
		};
/* End XCBuildConfiguration section */

/* Begin XCConfigurationList section */
		ED4EF5E425411B24006C9E60 /* Build configuration list for PBXProject "Music Search" */ = {
			isa = XCConfigurationList;
			buildConfigurations = (
				ED4EF5F625411B28006C9E60 /* Debug */,
				ED4EF5F725411B28006C9E60 /* Release */,
			);
			defaultConfigurationIsVisible = 0;
			defaultConfigurationName = Release;
		};
		ED4EF5F825411B28006C9E60 /* Build configuration list for PBXNativeTarget "Music Search" */ = {
			isa = XCConfigurationList;
			buildConfigurations = (
				ED4EF5F925411B28006C9E60 /* Debug */,
				ED4EF5FA25411B28006C9E60 /* Release */,
			);
			defaultConfigurationIsVisible = 0;
			defaultConfigurationName = Release;
		};
/* End XCConfigurationList section */
	};
	rootObject = ED4EF5E125411B24006C9E60 /* Project object */;
}
