// !$*UTF8*$!
{
	archiveVersion = 1;
	classes = {
	};
	objectVersion = 50;
	objects = {

/* Begin PBXBuildFile section */
		F64BEF4524DA626A00F4EEB6 /* AppDelegate.swift in Sources */ = {isa = PBXBuildFile; fileRef = F64BEF4424DA626A00F4EEB6 /* AppDelegate.swift */; };
		F64BEF4724DA626A00F4EEB6 /* SceneDelegate.swift in Sources */ = {isa = PBXBuildFile; fileRef = F64BEF4624DA626A00F4EEB6 /* SceneDelegate.swift */; };
		F64BEF4924DA626A00F4EEB6 /* ContentView.swift in Sources */ = {isa = PBXBuildFile; fileRef = F64BEF4824DA626A00F4EEB6 /* ContentView.swift */; };
		F64BEF4B24DA626E00F4EEB6 /* Assets.xcassets in Resources */ = {isa = PBXBuildFile; fileRef = F64BEF4A24DA626E00F4EEB6 /* Assets.xcassets */; };
		F64BEF4E24DA626E00F4EEB6 /* Preview Assets.xcassets in Resources */ = {isa = PBXBuildFile; fileRef = F64BEF4D24DA626E00F4EEB6 /* Preview Assets.xcassets */; };
		F64BEF5124DA626E00F4EEB6 /* LaunchScreen.storyboard in Resources */ = {isa = PBXBuildFile; fileRef = F64BEF4F24DA626E00F4EEB6 /* LaunchScreen.storyboard */; };
/* End PBXBuildFile section */

/* Begin PBXFileReference section */
		F64BEF4124DA626A00F4EEB6 /* Expandable Button Panel.app */ = {isa = PBXFileReference; explicitFileType = wrapper.application; includeInIndex = 0; path = "Expandable Button Panel.app"; sourceTree = BUILT_PRODUCTS_DIR; };
		F64BEF4424DA626A00F4EEB6 /* AppDelegate.swift */ = {isa = PBXFileReference; lastKnownFileType = sourcecode.swift; path = AppDelegate.swift; sourceTree = "<group>"; };
		F64BEF4624DA626A00F4EEB6 /* SceneDelegate.swift */ = {isa = PBXFileReference; lastKnownFileType = sourcecode.swift; path = SceneDelegate.swift; sourceTree = "<group>"; };
		F64BEF4824DA626A00F4EEB6 /* ContentView.swift */ = {isa = PBXFileReference; lastKnownFileType = sourcecode.swift; path = ContentView.swift; sourceTree = "<group>"; };
		F64BEF4A24DA626E00F4EEB6 /* Assets.xcassets */ = {isa = PBXFileReference; lastKnownFileType = folder.assetcatalog; path = Assets.xcassets; sourceTree = "<group>"; };
		F64BEF4D24DA626E00F4EEB6 /* Preview Assets.xcassets */ = {isa = PBXFileReference; lastKnownFileType = folder.assetcatalog; path = "Preview Assets.xcassets"; sourceTree = "<group>"; };
		F64BEF5024DA626E00F4EEB6 /* Base */ = {isa = PBXFileReference; lastKnownFileType = file.storyboard; name = Base; path = Base.lproj/LaunchScreen.storyboard; sourceTree = "<group>"; };
		F64BEF5224DA626E00F4EEB6 /* Info.plist */ = {isa = PBXFileReference; lastKnownFileType = text.plist.xml; path = Info.plist; sourceTree = "<group>"; };
/* End PBXFileReference section */

/* Begin PBXFrameworksBuildPhase section */
		F64BEF3E24DA626A00F4EEB6 /* Frameworks */ = {
			isa = PBXFrameworksBuildPhase;
			buildActionMask = 2147483647;
			files = (
			);
			runOnlyForDeploymentPostprocessing = 0;
		};
/* End PBXFrameworksBuildPhase section */

/* Begin PBXGroup section */
		F64BEF3824DA626A00F4EEB6 = {
			isa = PBXGroup;
			children = (
				F64BEF4324DA626A00F4EEB6 /* Expandable Button Panel */,
				F64BEF4224DA626A00F4EEB6 /* Products */,
			);
			sourceTree = "<group>";
		};
		F64BEF4224DA626A00F4EEB6 /* Products */ = {
			isa = PBXGroup;
			children = (
				F64BEF4124DA626A00F4EEB6 /* Expandable Button Panel.app */,
			);
			name = Products;
			sourceTree = "<group>";
		};
		F64BEF4324DA626A00F4EEB6 /* Expandable Button Panel */ = {
			isa = PBXGroup;
			children = (
				F64BEF4424DA626A00F4EEB6 /* AppDelegate.swift */,
				F64BEF4624DA626A00F4EEB6 /* SceneDelegate.swift */,
				F64BEF4824DA626A00F4EEB6 /* ContentView.swift */,
				F64BEF4A24DA626E00F4EEB6 /* Assets.xcassets */,
				F64BEF4F24DA626E00F4EEB6 /* LaunchScreen.storyboard */,
				F64BEF5224DA626E00F4EEB6 /* Info.plist */,
				F64BEF4C24DA626E00F4EEB6 /* Preview Content */,
			);
			path = "Expandable Button Panel";
			sourceTree = "<group>";
		};
		F64BEF4C24DA626E00F4EEB6 /* Preview Content */ = {
			isa = PBXGroup;
			children = (
				F64BEF4D24DA626E00F4EEB6 /* Preview Assets.xcassets */,
			);
			path = "Preview Content";
			sourceTree = "<group>";
		};
/* End PBXGroup section */

/* Begin PBXNativeTarget section */
		F64BEF4024DA626A00F4EEB6 /* Expandable Button Panel */ = {
			isa = PBXNativeTarget;
			buildConfigurationList = F64BEF5524DA626E00F4EEB6 /* Build configuration list for PBXNativeTarget "Expandable Button Panel" */;
			buildPhases = (
				F64BEF3D24DA626A00F4EEB6 /* Sources */,
				F64BEF3E24DA626A00F4EEB6 /* Frameworks */,
				F64BEF3F24DA626A00F4EEB6 /* Resources */,
			);
			buildRules = (
			);
			dependencies = (
			);
			name = "Expandable Button Panel";
			productName = "Expandable Button Panel";
			productReference = F64BEF4124DA626A00F4EEB6 /* Expandable Button Panel.app */;
			productType = "com.apple.product-type.application";
		};
/* End PBXNativeTarget section */

/* Begin PBXProject section */
		F64BEF3924DA626A00F4EEB6 /* Project object */ = {
			isa = PBXProject;
			attributes = {
				LastSwiftUpdateCheck = 1150;
				LastUpgradeCheck = 1150;
				ORGANIZATIONNAME = "Ale Patrón";
				TargetAttributes = {
					F64BEF4024DA626A00F4EEB6 = {
						CreatedOnToolsVersion = 11.5;
					};
				};
			};
			buildConfigurationList = F64BEF3C24DA626A00F4EEB6 /* Build configuration list for PBXProject "Expandable Button Panel" */;
			compatibilityVersion = "Xcode 9.3";
			developmentRegion = en;
			hasScannedForEncodings = 0;
			knownRegions = (
				en,
				Base,
			);
			mainGroup = F64BEF3824DA626A00F4EEB6;
			productRefGroup = F64BEF4224DA626A00F4EEB6 /* Products */;
			projectDirPath = "";
			projectRoot = "";
			targets = (
				F64BEF4024DA626A00F4EEB6 /* Expandable Button Panel */,
			);
		};
/* End PBXProject section */

/* Begin PBXResourcesBuildPhase section */
		F64BEF3F24DA626A00F4EEB6 /* Resources */ = {
			isa = PBXResourcesBuildPhase;
			buildActionMask = 2147483647;
			files = (
				F64BEF5124DA626E00F4EEB6 /* LaunchScreen.storyboard in Resources */,
				F64BEF4E24DA626E00F4EEB6 /* Preview Assets.xcassets in Resources */,
				F64BEF4B24DA626E00F4EEB6 /* Assets.xcassets in Resources */,
			);
			runOnlyForDeploymentPostprocessing = 0;
		};
/* End PBXResourcesBuildPhase section */

/* Begin PBXSourcesBuildPhase section */
		F64BEF3D24DA626A00F4EEB6 /* Sources */ = {
			isa = PBXSourcesBuildPhase;
			buildActionMask = 2147483647;
			files = (
				F64BEF4524DA626A00F4EEB6 /* AppDelegate.swift in Sources */,
				F64BEF4724DA626A00F4EEB6 /* SceneDelegate.swift in Sources */,
				F64BEF4924DA626A00F4EEB6 /* ContentView.swift in Sources */,
			);
			runOnlyForDeploymentPostprocessing = 0;
		};
/* End PBXSourcesBuildPhase section */

/* Begin PBXVariantGroup section */
		F64BEF4F24DA626E00F4EEB6 /* LaunchScreen.storyboard */ = {
			isa = PBXVariantGroup;
			children = (
				F64BEF5024DA626E00F4EEB6 /* Base */,
			);
			name = LaunchScreen.storyboard;
			sourceTree = "<group>";
		};
/* End PBXVariantGroup section */

/* Begin XCBuildConfiguration section */
		F64BEF5324DA626E00F4EEB6 /* Debug */ = {
			isa = XCBuildConfiguration;
			buildSettings = {
				ALWAYS_SEARCH_USER_PATHS = NO;
				CLANG_ANALYZER_NONNULL = YES;
				CLANG_ANALYZER_NUMBER_OBJECT_CONVERSION = YES_AGGRESSIVE;
				CLANG_CXX_LANGUAGE_STANDARD = "gnu++14";
				CLANG_CXX_LIBRARY = "libc++";
				CLANG_ENABLE_MODULES = YES;
				CLANG_ENABLE_OBJC_ARC = YES;
				CLANG_ENABLE_OBJC_WEAK = YES;
				CLANG_WARN_BLOCK_CAPTURE_AUTORELEASING = YES;
				CLANG_WARN_BOOL_CONVERSION = YES;
				CLANG_WARN_COMMA = YES;
				CLANG_WARN_CONSTANT_CONVERSION = YES;
				CLANG_WARN_DEPRECATED_OBJC_IMPLEMENTATIONS = YES;
				CLANG_WARN_DIRECT_OBJC_ISA_USAGE = YES_ERROR;
				CLANG_WARN_DOCUMENTATION_COMMENTS = YES;
				CLANG_WARN_EMPTY_BODY = YES;
				CLANG_WARN_ENUM_CONVERSION = YES;
				CLANG_WARN_INFINITE_RECURSION = YES;
				CLANG_WARN_INT_CONVERSION = YES;
				CLANG_WARN_NON_LITERAL_NULL_CONVERSION = YES;
				CLANG_WARN_OBJC_IMPLICIT_RETAIN_SELF = YES;
				CLANG_WARN_OBJC_LITERAL_CONVERSION = YES;
				CLANG_WARN_OBJC_ROOT_CLASS = YES_ERROR;
				CLANG_WARN_RANGE_LOOP_ANALYSIS = YES;
				CLANG_WARN_STRICT_PROTOTYPES = YES;
				CLANG_WARN_SUSPICIOUS_MOVE = YES;
				CLANG_WARN_UNGUARDED_AVAILABILITY = YES_AGGRESSIVE;
				CLANG_WARN_UNREACHABLE_CODE = YES;
				CLANG_WARN__DUPLICATE_METHOD_MATCH = YES;
				COPY_PHASE_STRIP = NO;
				DEBUG_INFORMATION_FORMAT = dwarf;
				ENABLE_STRICT_OBJC_MSGSEND = YES;
				ENABLE_TESTABILITY = YES;
				GCC_C_LANGUAGE_STANDARD = gnu11;
				GCC_DYNAMIC_NO_PIC = NO;
				GCC_NO_COMMON_BLOCKS = YES;
				GCC_OPTIMIZATION_LEVEL = 0;
				GCC_PREPROCESSOR_DEFINITIONS = (
					"DEBUG=1",
					"$(inherited)",
				);
				GCC_WARN_64_TO_32_BIT_CONVERSION = YES;
				GCC_WARN_ABOUT_RETURN_TYPE = YES_ERROR;
				GCC_WARN_UNDECLARED_SELECTOR = YES;
				GCC_WARN_UNINITIALIZED_AUTOS = YES_AGGRESSIVE;
				GCC_WARN_UNUSED_FUNCTION = YES;
				GCC_WARN_UNUSED_VARIABLE = YES;
				IPHONEOS_DEPLOYMENT_TARGET = 13.5;
				MTL_ENABLE_DEBUG_INFO = INCLUDE_SOURCE;
				MTL_FAST_MATH = YES;
				ONLY_ACTIVE_ARCH = YES;
				SDKROOT = iphoneos;
				SWIFT_ACTIVE_COMPILATION_CONDITIONS = DEBUG;
				SWIFT_OPTIMIZATION_LEVEL = "-Onone";
			};
			name = Debug;
		};
		F64BEF5424DA626E00F4EEB6 /* Release */ = {
			isa = XCBuildConfiguration;
			buildSettings = {
				ALWAYS_SEARCH_USER_PATHS = NO;
				CLANG_ANALYZER_NONNULL = YES;
				CLANG_ANALYZER_NUMBER_OBJECT_CONVERSION = YES_AGGRESSIVE;
				CLANG_CXX_LANGUAGE_STANDARD = "gnu++14";
				CLANG_CXX_LIBRARY = "libc++";
				CLANG_ENABLE_MODULES = YES;
				CLANG_ENABLE_OBJC_ARC = YES;
				CLANG_ENABLE_OBJC_WEAK = YES;
				CLANG_WARN_BLOCK_CAPTURE_AUTORELEASING = YES;
				CLANG_WARN_BOOL_CONVERSION = YES;
				CLANG_WARN_COMMA = YES;
				CLANG_WARN_CONSTANT_CONVERSION = YES;
				CLANG_WARN_DEPRECATED_OBJC_IMPLEMENTATIONS = YES;
				CLANG_WARN_DIRECT_OBJC_ISA_USAGE = YES_ERROR;
				CLANG_WARN_DOCUMENTATION_COMMENTS = YES;
				CLANG_WARN_EMPTY_BODY = YES;
				CLANG_WARN_ENUM_CONVERSION = YES;
				CLANG_WARN_INFINITE_RECURSION = YES;
				CLANG_WARN_INT_CONVERSION = YES;
				CLANG_WARN_NON_LITERAL_NULL_CONVERSION = YES;
				CLANG_WARN_OBJC_IMPLICIT_RETAIN_SELF = YES;
				CLANG_WARN_OBJC_LITERAL_CONVERSION = YES;
				CLANG_WARN_OBJC_ROOT_CLASS = YES_ERROR;
				CLANG_WARN_RANGE_LOOP_ANALYSIS = YES;
				CLANG_WARN_STRICT_PROTOTYPES = YES;
				CLANG_WARN_SUSPICIOUS_MOVE = YES;
				CLANG_WARN_UNGUARDED_AVAILABILITY = YES_AGGRESSIVE;
				CLANG_WARN_UNREACHABLE_CODE = YES;
				CLANG_WARN__DUPLICATE_METHOD_MATCH = YES;
				COPY_PHASE_STRIP = NO;
				DEBUG_INFORMATION_FORMAT = "dwarf-with-dsym";
				ENABLE_NS_ASSERTIONS = NO;
				ENABLE_STRICT_OBJC_MSGSEND = YES;
				GCC_C_LANGUAGE_STANDARD = gnu11;
				GCC_NO_COMMON_BLOCKS = YES;
				GCC_WARN_64_TO_32_BIT_CONVERSION = YES;
				GCC_WARN_ABOUT_RETURN_TYPE = YES_ERROR;
				GCC_WARN_UNDECLARED_SELECTOR = YES;
				GCC_WARN_UNINITIALIZED_AUTOS = YES_AGGRESSIVE;
				GCC_WARN_UNUSED_FUNCTION = YES;
				GCC_WARN_UNUSED_VARIABLE = YES;
				IPHONEOS_DEPLOYMENT_TARGET = 13.5;
				MTL_ENABLE_DEBUG_INFO = NO;
				MTL_FAST_MATH = YES;
				SDKROOT = iphoneos;
				SWIFT_COMPILATION_MODE = wholemodule;
				SWIFT_OPTIMIZATION_LEVEL = "-O";
				VALIDATE_PRODUCT = YES;
			};
			name = Release;
		};
		F64BEF5624DA626E00F4EEB6 /* Debug */ = {
			isa = XCBuildConfiguration;
			buildSettings = {
				ASSETCATALOG_COMPILER_APPICON_NAME = AppIcon;
				CODE_SIGN_STYLE = Automatic;
				DEVELOPMENT_ASSET_PATHS = "\"Expandable Button Panel/Preview Content\"";
				ENABLE_PREVIEWS = YES;
				INFOPLIST_FILE = "Expandable Button Panel/Info.plist";
				LD_RUNPATH_SEARCH_PATHS = (
					"$(inherited)",
					"@executable_path/Frameworks",
				);
				PRODUCT_BUNDLE_IDENTIFIER = "alep.Expandable-Button-Panel";
				PRODUCT_NAME = "$(TARGET_NAME)";
				SWIFT_VERSION = 5.0;
				TARGETED_DEVICE_FAMILY = "1,2";
			};
			name = Debug;
		};
		F64BEF5724DA626E00F4EEB6 /* Release */ = {
			isa = XCBuildConfiguration;
			buildSettings = {
				ASSETCATALOG_COMPILER_APPICON_NAME = AppIcon;
				CODE_SIGN_STYLE = Automatic;
				DEVELOPMENT_ASSET_PATHS = "\"Expandable Button Panel/Preview Content\"";
				ENABLE_PREVIEWS = YES;
				INFOPLIST_FILE = "Expandable Button Panel/Info.plist";
				LD_RUNPATH_SEARCH_PATHS = (
					"$(inherited)",
					"@executable_path/Frameworks",
				);
				PRODUCT_BUNDLE_IDENTIFIER = "alep.Expandable-Button-Panel";
				PRODUCT_NAME = "$(TARGET_NAME)";
				SWIFT_VERSION = 5.0;
				TARGETED_DEVICE_FAMILY = "1,2";
			};
			name = Release;
		};
/* End XCBuildConfiguration section */

/* Begin XCConfigurationList section */
		F64BEF3C24DA626A00F4EEB6 /* Build configuration list for PBXProject "Expandable Button Panel" */ = {
			isa = XCConfigurationList;
			buildConfigurations = (
				F64BEF5324DA626E00F4EEB6 /* Debug */,
				F64BEF5424DA626E00F4EEB6 /* Release */,
			);
			defaultConfigurationIsVisible = 0;
			defaultConfigurationName = Release;
		};
		F64BEF5524DA626E00F4EEB6 /* Build configuration list for PBXNativeTarget "Expandable Button Panel" */ = {
			isa = XCConfigurationList;
			buildConfigurations = (
				F64BEF5624DA626E00F4EEB6 /* Debug */,
				F64BEF5724DA626E00F4EEB6 /* Release */,
			);
			defaultConfigurationIsVisible = 0;
			defaultConfigurationName = Release;
		};
/* End XCConfigurationList section */
	};
	rootObject = F64BEF3924DA626A00F4EEB6 /* Project object */;
}
